
Microsoft Visual Studio Solution File, Format Version 12.00
# Visual Studio Version 17
VisualStudioVersion = 17.1.32210.238
MinimumVisualStudioVersion = 10.0.40219.1
Project("{FAE04EC0-301F-11D3-BF4B-00C04F79EFBC}") = "AspNetIdentityDemo.API", "AspNetIdentityDemo.API\AspNetIdentityDemo.API.csproj", "{F9682CBA-9F59-4A87-BE3F-2943FB41BC54}"
EndProject
Project("{FAE04EC0-301F-11D3-BF4B-00C04F79EFBC}") = "AspNetIdentityDemo.Shared", "AspNetIdentityDemo.Shared\AspNetIdentityDemo.Shared.csproj", "{AA92C94D-8072-4D5F-BB15-44EA4E068252}"
EndProject
Global
	GlobalSection(SolutionConfigurationPlatforms) = preSolution
		Debug|Any CPU = Debug|Any CPU
		Release|Any CPU = Release|Any CPU
	EndGlobalSection
	GlobalSection(ProjectConfigurationPlatforms) = postSolution
		{F9682CBA-9F59-4A87-BE3F-2943FB41BC54}.Debug|Any CPU.ActiveCfg = Debug|Any CPU
		{F9682CBA-9F59-4A87-BE3F-2943FB41BC54}.Debug|Any CPU.Build.0 = Debug|Any CPU
		{F9682CBA-9F59-4A87-BE3F-2943FB41BC54}.Release|Any CPU.ActiveCfg = Release|Any CPU
		{F9682CBA-9F59-4A87-BE3F-2943FB41BC54}.Release|Any CPU.Build.0 = Release|Any CPU
		{AA92C94D-8072-4D5F-BB15-44EA4E068252}.Debug|Any CPU.ActiveCfg = Debug|Any CPU
		{AA92C94D-8072-4D5F-BB15-44EA4E068252}.Debug|Any CPU.Build.0 = Debug|Any CPU
		{AA92C94D-8072-4D5F-BB15-44EA4E068252}.Release|Any CPU.ActiveCfg = Release|Any CPU
		{AA92C94D-8072-4D5F-BB15-44EA4E068252}.Release|Any CPU.Build.0 = Release|Any CPU
	EndGlobalSection
	GlobalSection(SolutionProperties) = preSolution
		HideSolutionNode = FALSE
	EndGlobalSection
	GlobalSection(ExtensibilityGlobals) = postSolution
		SolutionGuid = {7C09245E-756B-4E8F-9ECA-8EE2374EB0D0}
	EndGlobalSection
EndGlobal
